# This file is autogenerated, do not edit; changes may be undone by the next 'dep ensure'.


[[projects]]
  branch = "master"
  name = "github.com/aristanetworks/goarista"
  packages = ["monotime"]
  revision = "5faa74ffbed7096292069fdcd0eae96146a3158a"

[[projects]]
  branch = "master"
  name = "github.com/btcsuite/btcd"
  packages = ["btcec"]
  revision = "3dcf298fed2d5fd65918dc560b3942b2aa0629e8"

[[projects]]
  name = "github.com/deckarep/golang-set"
  packages = ["."]
  revision = "cbaa98ba5575e67703b32b4b19f73c91f3c4159e"
  version = "v1.7.1"

[[projects]]
  name = "github.com/ethereum/go-ethereum"
  packages = [
    ".",
    "common",
    "common/hexutil",
    "common/math",
    "common/mclock",
    "common/prque",
    "core/types",
    "crypto",
    "crypto/secp256k1",
    "crypto/secp256k1/libsecp256k1",
    "crypto/secp256k1/libsecp256k1/include",
    "crypto/secp256k1/libsecp256k1/src",
    "crypto/secp256k1/libsecp256k1/src/modules",
    "crypto/secp256k1/libsecp256k1/src/modules/recovery",
    "crypto/sha3",
    "ethclient",
    "ethdb",
    "log",
    "metrics",
    "p2p/netutil",
    "params",
    "rlp",
    "rpc",
    "trie"
  ]
  revision = "58632d44021bf095b43a1bb2443e6e3690a94739"
  version = "v1.8.18"

[[projects]]
  name = "github.com/go-stack/stack"
  packages = ["."]
  revision = "2fee6af1a9795aafbe0253a0cfbdf668e1fb8a9a"
  version = "v1.8.0"

[[projects]]
  branch = "master"
  name = "github.com/golang/snappy"
  packages = ["."]
  revision = "2e65f85255dbc3072edf28d6b5b8efc472979f5a"

[[projects]]
  name = "github.com/rs/cors"
  packages = ["."]
  revision = "9a47f48565a795472d43519dd49aac781f3034fb"
  version = "v1.6.0"

[[projects]]
  branch = "master"
  name = "github.com/syndtr/goleveldb"
  packages = [
    "leveldb",
    "leveldb/cache",
    "leveldb/comparer",
    "leveldb/errors",
    "leveldb/filter",
    "leveldb/iterator",
    "leveldb/journal",
    "leveldb/memdb",
    "leveldb/opt",
    "leveldb/storage",
    "leveldb/table",
    "leveldb/util"
  ]
  revision = "f9080354173f192dfc8821931eacf9cfd6819253"

[[projects]]
  branch = "master"
  name = "golang.org/x/net"
  packages = ["websocket"]
  revision = "adae6a3d119ae4890b46832a2e88a95adc62b8e7"

[[projects]]
  branch = "v2"
  name = "gopkg.in/natefinch/npipe.v2"
  packages = ["."]
  revision = "c1b8fa8bdccecb0b8db834ee0b92fdbcfa606dd6"

[solve-meta]
  analyzer-name = "dep"
  analyzer-version = 1
  inputs-digest = "b8ad82c2d0203aa210bcbedba53605ae9bbbf7ba364018eb3975f33112433cf8"
  solver-name = "gps-cdcl"
  solver-version = 1
